
Microsoft Visual Studio Solution File, Format Version 12.00
# Visual Studio 15
VisualStudioVersion = 15.0.28307.168
MinimumVisualStudioVersion = 10.0.40219.1
Project("{FAE04EC0-301F-11D3-BF4B-00C04F79EFBC}") = "DaihyouDuplicate", "DaihyouDuplicate\DaihyouDuplicate.csproj", "{B2F34C2D-85C7-48BC-8B27-9F6D1AF6E2A0}"
EndProject
Global
	GlobalSection(SolutionConfigurationPlatforms) = preSolution
		Debug|Any CPU = Debug|Any CPU
		Release|Any CPU = Release|Any CPU
	EndGlobalSection
	GlobalSection(ProjectConfigurationPlatforms) = postSolution
		{B2F34C2D-85C7-48BC-8B27-9F6D1AF6E2A0}.Debug|Any CPU.ActiveCfg = Debug|Any CPU
		{B2F34C2D-85C7-48BC-8B27-9F6D1AF6E2A0}.Debug|Any CPU.Build.0 = Debug|Any CPU
		{B2F34C2D-85C7-48BC-8B27-9F6D1AF6E2A0}.Release|Any CPU.ActiveCfg = Release|Any CPU
		{B2F34C2D-85C7-48BC-8B27-9F6D1AF6E2A0}.Release|Any CPU.Build.0 = Release|Any CPU
	EndGlobalSection
	GlobalSection(SolutionProperties) = preSolution
		HideSolutionNode = FALSE
	EndGlobalSection
	GlobalSection(ExtensibilityGlobals) = postSolution
		SolutionGuid = {DA081D38-9F9B-49CB-A9B9-3FEA1C924C16}
	EndGlobalSection
EndGlobal
